
Microsoft Visual Studio Solution File, Format Version 12.00
# Visual Studio Version 17
VisualStudioVersion = 17.10.34707.107
MinimumVisualStudioVersion = 10.0.40219.1
Project("{FAE04EC0-301F-11D3-BF4B-00C04F79EFBC}") = "StudantScore", "StudantScore\StudantScore.csproj", "{083D2071-7C80-4B5A-9672-13DF7AF0AC54}"
EndProject
Global
	GlobalSection(SolutionConfigurationPlatforms) = preSolution
		Debug|Any CPU = Debug|Any CPU
		Release|Any CPU = Release|Any CPU
	EndGlobalSection
	GlobalSection(ProjectConfigurationPlatforms) = postSolution
		{083D2071-7C80-4B5A-9672-13DF7AF0AC54}.Debug|Any CPU.ActiveCfg = Debug|Any CPU
		{083D2071-7C80-4B5A-9672-13DF7AF0AC54}.Debug|Any CPU.Build.0 = Debug|Any CPU
		{083D2071-7C80-4B5A-9672-13DF7AF0AC54}.Release|Any CPU.ActiveCfg = Release|Any CPU
		{083D2071-7C80-4B5A-9672-13DF7AF0AC54}.Release|Any CPU.Build.0 = Release|Any CPU
	EndGlobalSection
	GlobalSection(SolutionProperties) = preSolution
		HideSolutionNode = FALSE
	EndGlobalSection
	GlobalSection(ExtensibilityGlobals) = postSolution
		SolutionGuid = {EC58006C-36A2-42BB-B2DF-6C896A5D2D2F}
	EndGlobalSection
EndGlobal
